
Microsoft Visual Studio Solution File, Format Version 12.00
# Visual Studio 15
VisualStudioVersion = 15.0.27703.2047
MinimumVisualStudioVersion = 10.0.40219.1
Project("{FAE04EC0-301F-11D3-BF4B-00C04F79EFBC}") = "SerkoService", "SerkoService\SerkoService.csproj", "{7334E342-EF99-4DBE-839E-F13274FBE0ED}"
EndProject
Project("{FAE04EC0-301F-11D3-BF4B-00C04F79EFBC}") = "SerkoService.Tests", "SerkoService.Tests\SerkoService.Tests.csproj", "{FE093176-44A3-43D6-B71D-37601A559598}"
EndProject
Global
	GlobalSection(SolutionConfigurationPlatforms) = preSolution
		Debug|Any CPU = Debug|Any CPU
		Release|Any CPU = Release|Any CPU
	EndGlobalSection
	GlobalSection(ProjectConfigurationPlatforms) = postSolution
		{7334E342-EF99-4DBE-839E-F13274FBE0ED}.Debug|Any CPU.ActiveCfg = Debug|Any CPU
		{7334E342-EF99-4DBE-839E-F13274FBE0ED}.Debug|Any CPU.Build.0 = Debug|Any CPU
		{7334E342-EF99-4DBE-839E-F13274FBE0ED}.Release|Any CPU.ActiveCfg = Release|Any CPU
		{7334E342-EF99-4DBE-839E-F13274FBE0ED}.Release|Any CPU.Build.0 = Release|Any CPU
		{FE093176-44A3-43D6-B71D-37601A559598}.Debug|Any CPU.ActiveCfg = Debug|Any CPU
		{FE093176-44A3-43D6-B71D-37601A559598}.Debug|Any CPU.Build.0 = Debug|Any CPU
		{FE093176-44A3-43D6-B71D-37601A559598}.Release|Any CPU.ActiveCfg = Release|Any CPU
		{FE093176-44A3-43D6-B71D-37601A559598}.Release|Any CPU.Build.0 = Release|Any CPU
	EndGlobalSection
	GlobalSection(SolutionProperties) = preSolution
		HideSolutionNode = FALSE
	EndGlobalSection
	GlobalSection(ExtensibilityGlobals) = postSolution
		SolutionGuid = {BE19C5E1-7E05-475D-9D13-5F51A6F120EB}
	EndGlobalSection
EndGlobal
